PODS:
  - Flutter (1.0.0)
  - flutter_secure_storage (6.0.0):
    - Flutter
  - LlamaMobile (1.0.0)
  - secure_application (0.0.1):
    - Flutter
  - whisper_flutter_coreml (0.0.1):
    - Flutter

DEPENDENCIES:
  - Flutter (from `Flutter`)
  - flutter_secure_storage (from `.symlinks/plugins/flutter_secure_storage/ios`)
  - LlamaMobile (from `../native/ios`)
  - secure_application (from `.symlinks/plugins/secure_application/ios`)
  - whisper_flutter_coreml (from `.symlinks/plugins/whisper_flutter_coreml/ios`)

EXTERNAL SOURCES:
  Flutter:
    :path: Flutter
  flutter_secure_storage:
    :path: ".symlinks/plugins/flutter_secure_storage/ios"
  LlamaMobile:
    :path: "../native/ios"
  secure_application:
    :path: ".symlinks/plugins/secure_application/ios"
  whisper_flutter_coreml:
    :path: ".symlinks/plugins/whisper_flutter_coreml/ios"

SPEC CHECKSUMS:
  Flutter: cabc95a1d2626b1b06e7179b784ebcf0c0cde467
  flutter_secure_storage: d33dac7ae2ea08509be337e775f6b59f1ff45f12
  LlamaMobile: 7f0a885e0e8716565b91fc73486807b006555baf
  secure_application: 27d424e8c2e770f63e38e280b5a51f921aa9b0c8
  whisper_flutter_coreml: 910445409de92f79daef237cefee00db495a070e

PODFILE CHECKSUM: 36831bef5aa14c310010cd98e038bb7b017ef01c

COCOAPODS: 1.16.2
